
Microsoft Visual Studio Solution File, Format Version 12.00
# Visual Studio 14
VisualStudioVersion = 14.0.24720.0
MinimumVisualStudioVersion = 10.0.40219.1
Project("{FAE04EC0-301F-11D3-BF4B-00C04F79EFBC}") = "SitecoreWebApi", "SitecoreWebApi\SitecoreWebApi.csproj", "{7CCE1B9A-541D-4CA9-A6B7-EE7C906C716A}"
EndProject
Project("{CAA73BB0-EF22-4D79-A57E-DF67B3BA9C80}") = "WebApi.TDS.Master", "WebApi.TDS.Master\WebApi.TDS.Master.scproj", "{AE8EF4AD-C67C-44F9-8303-0BABF7B509DA}"
EndProject
Global
	GlobalSection(SolutionConfigurationPlatforms) = preSolution
		Debug|Any CPU = Debug|Any CPU
		Release|Any CPU = Release|Any CPU
	EndGlobalSection
	GlobalSection(ProjectConfigurationPlatforms) = postSolution
		{7CCE1B9A-541D-4CA9-A6B7-EE7C906C716A}.Debug|Any CPU.ActiveCfg = Debug|Any CPU
		{7CCE1B9A-541D-4CA9-A6B7-EE7C906C716A}.Debug|Any CPU.Build.0 = Debug|Any CPU
		{7CCE1B9A-541D-4CA9-A6B7-EE7C906C716A}.Release|Any CPU.ActiveCfg = Release|Any CPU
		{7CCE1B9A-541D-4CA9-A6B7-EE7C906C716A}.Release|Any CPU.Build.0 = Release|Any CPU
		{AE8EF4AD-C67C-44F9-8303-0BABF7B509DA}.Debug|Any CPU.ActiveCfg = Debug|Any CPU
		{AE8EF4AD-C67C-44F9-8303-0BABF7B509DA}.Debug|Any CPU.Build.0 = Debug|Any CPU
		{AE8EF4AD-C67C-44F9-8303-0BABF7B509DA}.Debug|Any CPU.Deploy.0 = Debug|Any CPU
		{AE8EF4AD-C67C-44F9-8303-0BABF7B509DA}.Release|Any CPU.ActiveCfg = Release|Any CPU
		{AE8EF4AD-C67C-44F9-8303-0BABF7B509DA}.Release|Any CPU.Build.0 = Release|Any CPU
		{AE8EF4AD-C67C-44F9-8303-0BABF7B509DA}.Release|Any CPU.Deploy.0 = Release|Any CPU
	EndGlobalSection
	GlobalSection(SolutionProperties) = preSolution
		HideSolutionNode = FALSE
	EndGlobalSection
EndGlobal
